// !$*UTF8*$!
{
	archiveVersion = 1;
	classes = {
	};
	objectVersion = 56;
	objects = {

/* Begin PBXBuildFile section */
		18D6CE2D2A5BE024B67A31A6 /* Pods_PhoneAuth.framework in Frameworks */ = {isa = PBXBuildFile; fileRef = 2DFF973141C06CDF323C6CD7 /* Pods_PhoneAuth.framework */; };
		8F9D84142C29CC100083F93C /* AppDelegate.swift in Sources */ = {isa = PBXBuildFile; fileRef = 8F9D84132C29CC100083F93C /* AppDelegate.swift */; };
		8F9D84162C29CC100083F93C /* SceneDelegate.swift in Sources */ = {isa = PBXBuildFile; fileRef = 8F9D84152C29CC100083F93C /* SceneDelegate.swift */; };
		8F9D84182C29CC100083F93C /* PhoneNumberViewController.swift in Sources */ = {isa = PBXBuildFile; fileRef = 8F9D84172C29CC100083F93C /* PhoneNumberViewController.swift */; };
		8F9D841D2C29CC120083F93C /* Assets.xcassets in Resources */ = {isa = PBXBuildFile; fileRef = 8F9D841C2C29CC120083F93C /* Assets.xcassets */; };
		8F9D84202C29CC120083F93C /* Base in Resources */ = {isa = PBXBuildFile; fileRef = 8F9D841F2C29CC120083F93C /* Base */; };
		8F9D842A2C29D3E60083F93C /* AuthManager.swift in Sources */ = {isa = PBXBuildFile; fileRef = 8F9D84292C29D3E60083F93C /* AuthManager.swift */; };
		8F9D842C2C29DCEF0083F93C /* AccountViewController.swift in Sources */ = {isa = PBXBuildFile; fileRef = 8F9D842B2C29DCEF0083F93C /* AccountViewController.swift */; };
		8F9D842E2C29DD030083F93C /* VerificationViewController.swift in Sources */ = {isa = PBXBuildFile; fileRef = 8F9D842D2C29DD030083F93C /* VerificationViewController.swift */; };
		8FB9DEB42C29EC8800BF3ACC /* GoogleService-Info.plist in Resources */ = {isa = PBXBuildFile; fileRef = 8FB9DEB32C29EC8800BF3ACC /* GoogleService-Info.plist */; };
		8FB9DEB62C2A01C000BF3ACC /* AppCodeViewController.swift in Sources */ = {isa = PBXBuildFile; fileRef = 8FB9DEB52C2A01C000BF3ACC /* AppCodeViewController.swift */; };
		8FB9DEB82C2A01FD00BF3ACC /* NoCodeViewController.swift in Sources */ = {isa = PBXBuildFile; fileRef = 8FB9DEB72C2A01FD00BF3ACC /* NoCodeViewController.swift */; };
		8FB9DEBA2C2A027200BF3ACC /* KeychainManager.swift in Sources */ = {isa = PBXBuildFile; fileRef = 8FB9DEB92C2A027200BF3ACC /* KeychainManager.swift */; };
		8FB9DEBC2C2A9A9500BF3ACC /* MainViewController.swift in Sources */ = {isa = PBXBuildFile; fileRef = 8FB9DEBB2C2A9A9500BF3ACC /* MainViewController.swift */; };
		8FB9DEBE2C2ABE2800BF3ACC /* AppCodeEntryViewController.swift in Sources */ = {isa = PBXBuildFile; fileRef = 8FB9DEBD2C2ABE2800BF3ACC /* AppCodeEntryViewController.swift */; };
		8FB9DEC72C2B157800BF3ACC /* Extension + UIView.swift in Sources */ = {isa = PBXBuildFile; fileRef = 8FB9DEC62C2B157800BF3ACC /* Extension + UIView.swift */; };
/* End PBXBuildFile section */

/* Begin PBXFileReference section */
		124D7964C5BA3B3EDE001A9C /* Pods-PhoneAuth.release.xcconfig */ = {isa = PBXFileReference; includeInIndex = 1; lastKnownFileType = text.xcconfig; name = "Pods-PhoneAuth.release.xcconfig"; path = "Target Support Files/Pods-PhoneAuth/Pods-PhoneAuth.release.xcconfig"; sourceTree = "<group>"; };
		2DFF973141C06CDF323C6CD7 /* Pods_PhoneAuth.framework */ = {isa = PBXFileReference; explicitFileType = wrapper.framework; includeInIndex = 0; path = Pods_PhoneAuth.framework; sourceTree = BUILT_PRODUCTS_DIR; };
		8F9D84102C29CC100083F93C /* PhoneAuth.app */ = {isa = PBXFileReference; explicitFileType = wrapper.application; includeInIndex = 0; path = PhoneAuth.app; sourceTree = BUILT_PRODUCTS_DIR; };
		8F9D84132C29CC100083F93C /* AppDelegate.swift */ = {isa = PBXFileReference; lastKnownFileType = sourcecode.swift; path = AppDelegate.swift; sourceTree = "<group>"; };
		8F9D84152C29CC100083F93C /* SceneDelegate.swift */ = {isa = PBXFileReference; lastKnownFileType = sourcecode.swift; path = SceneDelegate.swift; sourceTree = "<group>"; };
		8F9D84172C29CC100083F93C /* PhoneNumberViewController.swift */ = {isa = PBXFileReference; lastKnownFileType = sourcecode.swift; path = PhoneNumberViewController.swift; sourceTree = "<group>"; };
		8F9D841C2C29CC120083F93C /* Assets.xcassets */ = {isa = PBXFileReference; lastKnownFileType = folder.assetcatalog; path = Assets.xcassets; sourceTree = "<group>"; };
		8F9D841F2C29CC120083F93C /* Base */ = {isa = PBXFileReference; lastKnownFileType = file.storyboard; name = Base; path = Base.lproj/LaunchScreen.storyboard; sourceTree = "<group>"; };
		8F9D84212C29CC120083F93C /* Info.plist */ = {isa = PBXFileReference; lastKnownFileType = text.plist.xml; path = Info.plist; sourceTree = "<group>"; };
		8F9D84292C29D3E60083F93C /* AuthManager.swift */ = {isa = PBXFileReference; lastKnownFileType = sourcecode.swift; path = AuthManager.swift; sourceTree = "<group>"; };
		8F9D842B2C29DCEF0083F93C /* AccountViewController.swift */ = {isa = PBXFileReference; lastKnownFileType = sourcecode.swift; path = AccountViewController.swift; sourceTree = "<group>"; };
		8F9D842D2C29DD030083F93C /* VerificationViewController.swift */ = {isa = PBXFileReference; lastKnownFileType = sourcecode.swift; path = VerificationViewController.swift; sourceTree = "<group>"; };
		8FB9DEB32C29EC8800BF3ACC /* GoogleService-Info.plist */ = {isa = PBXFileReference; fileEncoding = 4; lastKnownFileType = text.plist.xml; name = "GoogleService-Info.plist"; path = "../../../Desktop/GoogleService-Info.plist"; sourceTree = "<group>"; };
		8FB9DEB52C2A01C000BF3ACC /* AppCodeViewController.swift */ = {isa = PBXFileReference; lastKnownFileType = sourcecode.swift; path = AppCodeViewController.swift; sourceTree = "<group>"; };
		8FB9DEB72C2A01FD00BF3ACC /* NoCodeViewController.swift */ = {isa = PBXFileReference; lastKnownFileType = sourcecode.swift; path = NoCodeViewController.swift; sourceTree = "<group>"; };
		8FB9DEB92C2A027200BF3ACC /* KeychainManager.swift */ = {isa = PBXFileReference; lastKnownFileType = sourcecode.swift; path = KeychainManager.swift; sourceTree = "<group>"; };
		8FB9DEBB2C2A9A9500BF3ACC /* MainViewController.swift */ = {isa = PBXFileReference; lastKnownFileType = sourcecode.swift; path = MainViewController.swift; sourceTree = "<group>"; };
		8FB9DEBD2C2ABE2800BF3ACC /* AppCodeEntryViewController.swift */ = {isa = PBXFileReference; lastKnownFileType = sourcecode.swift; path = AppCodeEntryViewController.swift; sourceTree = "<group>"; };
		8FB9DEC62C2B157800BF3ACC /* Extension + UIView.swift */ = {isa = PBXFileReference; lastKnownFileType = sourcecode.swift; path = "Extension + UIView.swift"; sourceTree = "<group>"; };
		BF5A1B14900C7CF7F938DE65 /* Pods-PhoneAuth.debug.xcconfig */ = {isa = PBXFileReference; includeInIndex = 1; lastKnownFileType = text.xcconfig; name = "Pods-PhoneAuth.debug.xcconfig"; path = "Target Support Files/Pods-PhoneAuth/Pods-PhoneAuth.debug.xcconfig"; sourceTree = "<group>"; };
/* End PBXFileReference section */

/* Begin PBXFrameworksBuildPhase section */
		8F9D840D2C29CC100083F93C /* Frameworks */ = {
			isa = PBXFrameworksBuildPhase;
			buildActionMask = 2147483647;
			files = (
				18D6CE2D2A5BE024B67A31A6 /* Pods_PhoneAuth.framework in Frameworks */,
			);
			runOnlyForDeploymentPostprocessing = 0;
		};
/* End PBXFrameworksBuildPhase section */

/* Begin PBXGroup section */
		1776C0FC1ECD9C52E86741DA /* Pods */ = {
			isa = PBXGroup;
			children = (
				BF5A1B14900C7CF7F938DE65 /* Pods-PhoneAuth.debug.xcconfig */,
				124D7964C5BA3B3EDE001A9C /* Pods-PhoneAuth.release.xcconfig */,
			);
			path = Pods;
			sourceTree = "<group>";
		};
		8F9D84072C29CC100083F93C = {
			isa = PBXGroup;
			children = (
				8F9D84122C29CC100083F93C /* PhoneAuth */,
				8F9D84112C29CC100083F93C /* Products */,
				1776C0FC1ECD9C52E86741DA /* Pods */,
				BAC072D146A04F9FD4B6B1EC /* Frameworks */,
			);
			sourceTree = "<group>";
		};
		8F9D84112C29CC100083F93C /* Products */ = {
			isa = PBXGroup;
			children = (
				8F9D84102C29CC100083F93C /* PhoneAuth.app */,
			);
			name = Products;
			sourceTree = "<group>";
		};
		8F9D84122C29CC100083F93C /* PhoneAuth */ = {
			isa = PBXGroup;
			children = (
				8FB9DECA2C2C39FB00BF3ACC /* App */,
				8FB9DECB2C2C3A1100BF3ACC /* Extensions */,
				8FB9DEC02C2AC6C800BF3ACC /* Services */,
				8FB9DEBF2C2AC68200BF3ACC /* Controlllers */,
				8F9D841C2C29CC120083F93C /* Assets.xcassets */,
				8F9D841E2C29CC120083F93C /* LaunchScreen.storyboard */,
				8FB9DEB32C29EC8800BF3ACC /* GoogleService-Info.plist */,
				8F9D84212C29CC120083F93C /* Info.plist */,
			);
			path = PhoneAuth;
			sourceTree = "<group>";
		};
		8FB9DEBF2C2AC68200BF3ACC /* Controlllers */ = {
			isa = PBXGroup;
			children = (
				8FB9DEBB2C2A9A9500BF3ACC /* MainViewController.swift */,
				8F9D84172C29CC100083F93C /* PhoneNumberViewController.swift */,
				8FB9DEBD2C2ABE2800BF3ACC /* AppCodeEntryViewController.swift */,
				8F9D842B2C29DCEF0083F93C /* AccountViewController.swift */,
				8F9D842D2C29DD030083F93C /* VerificationViewController.swift */,
				8FB9DEB52C2A01C000BF3ACC /* AppCodeViewController.swift */,
				8FB9DEB72C2A01FD00BF3ACC /* NoCodeViewController.swift */,
			);
			path = Controlllers;
			sourceTree = "<group>";
		};
		8FB9DEC02C2AC6C800BF3ACC /* Services */ = {
			isa = PBXGroup;
			children = (
				8FB9DEB92C2A027200BF3ACC /* KeychainManager.swift */,
				8F9D84292C29D3E60083F93C /* AuthManager.swift */,
			);
			path = Services;
			sourceTree = "<group>";
		};
		8FB9DECA2C2C39FB00BF3ACC /* App */ = {
			isa = PBXGroup;
			children = (
				8F9D84132C29CC100083F93C /* AppDelegate.swift */,
				8F9D84152C29CC100083F93C /* SceneDelegate.swift */,
			);
			path = App;
			sourceTree = "<group>";
		};
		8FB9DECB2C2C3A1100BF3ACC /* Extensions */ = {
			isa = PBXGroup;
			children = (
				8FB9DEC62C2B157800BF3ACC /* Extension + UIView.swift */,
			);
			path = Extensions;
			sourceTree = "<group>";
		};
		BAC072D146A04F9FD4B6B1EC /* Frameworks */ = {
			isa = PBXGroup;
			children = (
				2DFF973141C06CDF323C6CD7 /* Pods_PhoneAuth.framework */,
			);
			name = Frameworks;
			sourceTree = "<group>";
		};
/* End PBXGroup section */

/* Begin PBXNativeTarget section */
		8F9D840F2C29CC100083F93C /* PhoneAuth */ = {
			isa = PBXNativeTarget;
			buildConfigurationList = 8F9D84242C29CC120083F93C /* Build configuration list for PBXNativeTarget "PhoneAuth" */;
			buildPhases = (
				28408EACD8638077C1E56D02 /* [CP] Check Pods Manifest.lock */,
				8F9D840C2C29CC100083F93C /* Sources */,
				8F9D840D2C29CC100083F93C /* Frameworks */,
				8F9D840E2C29CC100083F93C /* Resources */,
				C379D1516F8CDADA8A779C40 /* [CP] Embed Pods Frameworks */,
			);
			buildRules = (
			);
			dependencies = (
			);
			name = PhoneAuth;
			productName = PhoneAuth;
			productReference = 8F9D84102C29CC100083F93C /* PhoneAuth.app */;
			productType = "com.apple.product-type.application";
		};
/* End PBXNativeTarget section */

/* Begin PBXProject section */
		8F9D84082C29CC100083F93C /* Project object */ = {
			isa = PBXProject;
			attributes = {
				BuildIndependentTargetsInParallel = 1;
				LastSwiftUpdateCheck = 1540;
				LastUpgradeCheck = 1540;
				TargetAttributes = {
					8F9D840F2C29CC100083F93C = {
						CreatedOnToolsVersion = 15.4;
					};
				};
			};
			buildConfigurationList = 8F9D840B2C29CC100083F93C /* Build configuration list for PBXProject "PhoneAuth" */;
			compatibilityVersion = "Xcode 14.0";
			developmentRegion = en;
			hasScannedForEncodings = 0;
			knownRegions = (
				en,
				Base,
			);
			mainGroup = 8F9D84072C29CC100083F93C;
			productRefGroup = 8F9D84112C29CC100083F93C /* Products */;
			projectDirPath = "";
			projectRoot = "";
			targets = (
				8F9D840F2C29CC100083F93C /* PhoneAuth */,
			);
		};
/* End PBXProject section */

/* Begin PBXResourcesBuildPhase section */
		8F9D840E2C29CC100083F93C /* Resources */ = {
			isa = PBXResourcesBuildPhase;
			buildActionMask = 2147483647;
			files = (
				8F9D841D2C29CC120083F93C /* Assets.xcassets in Resources */,
				8FB9DEB42C29EC8800BF3ACC /* GoogleService-Info.plist in Resources */,
				8F9D84202C29CC120083F93C /* Base in Resources */,
			);
			runOnlyForDeploymentPostprocessing = 0;
		};
/* End PBXResourcesBuildPhase section */

/* Begin PBXShellScriptBuildPhase section */
		28408EACD8638077C1E56D02 /* [CP] Check Pods Manifest.lock */ = {
			isa = PBXShellScriptBuildPhase;
			buildActionMask = 2147483647;
			files = (
			);
			inputFileListPaths = (
			);
			inputPaths = (
				"${PODS_PODFILE_DIR_PATH}/Podfile.lock",
				"${PODS_ROOT}/Manifest.lock",
			);
			name = "[CP] Check Pods Manifest.lock";
			outputFileListPaths = (
			);
			outputPaths = (
				"$(DERIVED_FILE_DIR)/Pods-PhoneAuth-checkManifestLockResult.txt",
			);
			runOnlyForDeploymentPostprocessing = 0;
			shellPath = /bin/sh;
			shellScript = "diff \"${PODS_PODFILE_DIR_PATH}/Podfile.lock\" \"${PODS_ROOT}/Manifest.lock\" > /dev/null\nif [ $? != 0 ] ; then\n    # print error to STDERR\n    echo \"error: The sandbox is not in sync with the Podfile.lock. Run 'pod install' or update your CocoaPods installation.\" >&2\n    exit 1\nfi\n# This output is used by Xcode 'outputs' to avoid re-running this script phase.\necho \"SUCCESS\" > \"${SCRIPT_OUTPUT_FILE_0}\"\n";
			showEnvVarsInLog = 0;
		};
		C379D1516F8CDADA8A779C40 /* [CP] Embed Pods Frameworks */ = {
			isa = PBXShellScriptBuildPhase;
			buildActionMask = 2147483647;
			files = (
			);
			inputFileListPaths = (
				"${PODS_ROOT}/Target Support Files/Pods-PhoneAuth/Pods-PhoneAuth-frameworks-${CONFIGURATION}-input-files.xcfilelist",
			);
			name = "[CP] Embed Pods Frameworks";
			outputFileListPaths = (
				"${PODS_ROOT}/Target Support Files/Pods-PhoneAuth/Pods-PhoneAuth-frameworks-${CONFIGURATION}-output-files.xcfilelist",
			);
			runOnlyForDeploymentPostprocessing = 0;
			shellPath = /bin/sh;
			shellScript = "\"${PODS_ROOT}/Target Support Files/Pods-PhoneAuth/Pods-PhoneAuth-frameworks.sh\"\n";
			showEnvVarsInLog = 0;
		};
/* End PBXShellScriptBuildPhase section */

/* Begin PBXSourcesBuildPhase section */
		8F9D840C2C29CC100083F93C /* Sources */ = {
			isa = PBXSourcesBuildPhase;
			buildActionMask = 2147483647;
			files = (
				8F9D84182C29CC100083F93C /* PhoneNumberViewController.swift in Sources */,
				8FB9DEC72C2B157800BF3ACC /* Extension + UIView.swift in Sources */,
				8F9D842C2C29DCEF0083F93C /* AccountViewController.swift in Sources */,
				8FB9DEB62C2A01C000BF3ACC /* AppCodeViewController.swift in Sources */,
				8F9D842A2C29D3E60083F93C /* AuthManager.swift in Sources */,
				8FB9DEB82C2A01FD00BF3ACC /* NoCodeViewController.swift in Sources */,
				8FB9DEBE2C2ABE2800BF3ACC /* AppCodeEntryViewController.swift in Sources */,
				8FB9DEBA2C2A027200BF3ACC /* KeychainManager.swift in Sources */,
				8F9D84142C29CC100083F93C /* AppDelegate.swift in Sources */,
				8F9D84162C29CC100083F93C /* SceneDelegate.swift in Sources */,
				8F9D842E2C29DD030083F93C /* VerificationViewController.swift in Sources */,
				8FB9DEBC2C2A9A9500BF3ACC /* MainViewController.swift in Sources */,
			);
			runOnlyForDeploymentPostprocessing = 0;
		};
/* End PBXSourcesBuildPhase section */

/* Begin PBXVariantGroup section */
		8F9D841E2C29CC120083F93C /* LaunchScreen.storyboard */ = {
			isa = PBXVariantGroup;
			children = (
				8F9D841F2C29CC120083F93C /* Base */,
			);
			name = LaunchScreen.storyboard;
			sourceTree = "<group>";
		};
/* End PBXVariantGroup section */

/* Begin XCBuildConfiguration section */
		8F9D84222C29CC120083F93C /* Debug */ = {
			isa = XCBuildConfiguration;
			buildSettings = {
				ALWAYS_SEARCH_USER_PATHS = NO;
				ASSETCATALOG_COMPILER_GENERATE_SWIFT_ASSET_SYMBOL_EXTENSIONS = YES;
				CLANG_ANALYZER_NONNULL = YES;
				CLANG_ANALYZER_NUMBER_OBJECT_CONVERSION = YES_AGGRESSIVE;
				CLANG_CXX_LANGUAGE_STANDARD = "gnu++20";
				CLANG_ENABLE_MODULES = YES;
				CLANG_ENABLE_OBJC_ARC = YES;
				CLANG_ENABLE_OBJC_WEAK = YES;
				CLANG_WARN_BLOCK_CAPTURE_AUTORELEASING = YES;
				CLANG_WARN_BOOL_CONVERSION = YES;
				CLANG_WARN_COMMA = YES;
				CLANG_WARN_CONSTANT_CONVERSION = YES;
				CLANG_WARN_DEPRECATED_OBJC_IMPLEMENTATIONS = YES;
				CLANG_WARN_DIRECT_OBJC_ISA_USAGE = YES_ERROR;
				CLANG_WARN_DOCUMENTATION_COMMENTS = YES;
				CLANG_WARN_EMPTY_BODY = YES;
				CLANG_WARN_ENUM_CONVERSION = YES;
				CLANG_WARN_INFINITE_RECURSION = YES;
				CLANG_WARN_INT_CONVERSION = YES;
				CLANG_WARN_NON_LITERAL_NULL_CONVERSION = YES;
				CLANG_WARN_OBJC_IMPLICIT_RETAIN_SELF = YES;
				CLANG_WARN_OBJC_LITERAL_CONVERSION = YES;
				CLANG_WARN_OBJC_ROOT_CLASS = YES_ERROR;
				CLANG_WARN_QUOTED_INCLUDE_IN_FRAMEWORK_HEADER = YES;
				CLANG_WARN_RANGE_LOOP_ANALYSIS = YES;
				CLANG_WARN_STRICT_PROTOTYPES = YES;
				CLANG_WARN_SUSPICIOUS_MOVE = YES;
				CLANG_WARN_UNGUARDED_AVAILABILITY = YES_AGGRESSIVE;
				CLANG_WARN_UNREACHABLE_CODE = YES;
				CLANG_WARN__DUPLICATE_METHOD_MATCH = YES;
				COPY_PHASE_STRIP = NO;
				DEBUG_INFORMATION_FORMAT = dwarf;
				ENABLE_STRICT_OBJC_MSGSEND = YES;
				ENABLE_TESTABILITY = YES;
				ENABLE_USER_SCRIPT_SANDBOXING = YES;
				GCC_C_LANGUAGE_STANDARD = gnu17;
				GCC_DYNAMIC_NO_PIC = NO;
				GCC_NO_COMMON_BLOCKS = YES;
				GCC_OPTIMIZATION_LEVEL = 0;
				GCC_PREPROCESSOR_DEFINITIONS = (
					"DEBUG=1",
					"$(inherited)",
				);
				GCC_WARN_64_TO_32_BIT_CONVERSION = YES;
				GCC_WARN_ABOUT_RETURN_TYPE = YES_ERROR;
				GCC_WARN_UNDECLARED_SELECTOR = YES;
				GCC_WARN_UNINITIALIZED_AUTOS = YES_AGGRESSIVE;
				GCC_WARN_UNUSED_FUNCTION = YES;
				GCC_WARN_UNUSED_VARIABLE = YES;
				IPHONEOS_DEPLOYMENT_TARGET = 17.5;
				LOCALIZATION_PREFERS_STRING_CATALOGS = YES;
				MTL_ENABLE_DEBUG_INFO = INCLUDE_SOURCE;
				MTL_FAST_MATH = YES;
				ONLY_ACTIVE_ARCH = YES;
				SDKROOT = iphoneos;
				SWIFT_ACTIVE_COMPILATION_CONDITIONS = "DEBUG $(inherited)";
				SWIFT_OPTIMIZATION_LEVEL = "-Onone";
			};
			name = Debug;
		};
		8F9D84232C29CC120083F93C /* Release */ = {
			isa = XCBuildConfiguration;
			buildSettings = {
				ALWAYS_SEARCH_USER_PATHS = NO;
				ASSETCATALOG_COMPILER_GENERATE_SWIFT_ASSET_SYMBOL_EXTENSIONS = YES;
				CLANG_ANALYZER_NONNULL = YES;
				CLANG_ANALYZER_NUMBER_OBJECT_CONVERSION = YES_AGGRESSIVE;
				CLANG_CXX_LANGUAGE_STANDARD = "gnu++20";
				CLANG_ENABLE_MODULES = YES;
				CLANG_ENABLE_OBJC_ARC = YES;
				CLANG_ENABLE_OBJC_WEAK = YES;
				CLANG_WARN_BLOCK_CAPTURE_AUTORELEASING = YES;
				CLANG_WARN_BOOL_CONVERSION = YES;
				CLANG_WARN_COMMA = YES;
				CLANG_WARN_CONSTANT_CONVERSION = YES;
				CLANG_WARN_DEPRECATED_OBJC_IMPLEMENTATIONS = YES;
				CLANG_WARN_DIRECT_OBJC_ISA_USAGE = YES_ERROR;
				CLANG_WARN_DOCUMENTATION_COMMENTS = YES;
				CLANG_WARN_EMPTY_BODY = YES;
				CLANG_WARN_ENUM_CONVERSION = YES;
				CLANG_WARN_INFINITE_RECURSION = YES;
				CLANG_WARN_INT_CONVERSION = YES;
				CLANG_WARN_NON_LITERAL_NULL_CONVERSION = YES;
				CLANG_WARN_OBJC_IMPLICIT_RETAIN_SELF = YES;
				CLANG_WARN_OBJC_LITERAL_CONVERSION = YES;
				CLANG_WARN_OBJC_ROOT_CLASS = YES_ERROR;
				CLANG_WARN_QUOTED_INCLUDE_IN_FRAMEWORK_HEADER = YES;
				CLANG_WARN_RANGE_LOOP_ANALYSIS = YES;
				CLANG_WARN_STRICT_PROTOTYPES = YES;
				CLANG_WARN_SUSPICIOUS_MOVE = YES;
				CLANG_WARN_UNGUARDED_AVAILABILITY = YES_AGGRESSIVE;
				CLANG_WARN_UNREACHABLE_CODE = YES;
				CLANG_WARN__DUPLICATE_METHOD_MATCH = YES;
				COPY_PHASE_STRIP = NO;
				DEBUG_INFORMATION_FORMAT = "dwarf-with-dsym";
				ENABLE_NS_ASSERTIONS = NO;
				ENABLE_STRICT_OBJC_MSGSEND = YES;
				ENABLE_USER_SCRIPT_SANDBOXING = YES;
				GCC_C_LANGUAGE_STANDARD = gnu17;
				GCC_NO_COMMON_BLOCKS = YES;
				GCC_WARN_64_TO_32_BIT_CONVERSION = YES;
				GCC_WARN_ABOUT_RETURN_TYPE = YES_ERROR;
				GCC_WARN_UNDECLARED_SELECTOR = YES;
				GCC_WARN_UNINITIALIZED_AUTOS = YES_AGGRESSIVE;
				GCC_WARN_UNUSED_FUNCTION = YES;
				GCC_WARN_UNUSED_VARIABLE = YES;
				IPHONEOS_DEPLOYMENT_TARGET = 17.5;
				LOCALIZATION_PREFERS_STRING_CATALOGS = YES;
				MTL_ENABLE_DEBUG_INFO = NO;
				MTL_FAST_MATH = YES;
				SDKROOT = iphoneos;
				SWIFT_COMPILATION_MODE = wholemodule;
				VALIDATE_PRODUCT = YES;
			};
			name = Release;
		};
		8F9D84252C29CC120083F93C /* Debug */ = {
			isa = XCBuildConfiguration;
			baseConfigurationReference = BF5A1B14900C7CF7F938DE65 /* Pods-PhoneAuth.debug.xcconfig */;
			buildSettings = {
				ASSETCATALOG_COMPILER_APPICON_NAME = AppIcon;
				ASSETCATALOG_COMPILER_GLOBAL_ACCENT_COLOR_NAME = AccentColor;
				CODE_SIGN_STYLE = Automatic;
				CURRENT_PROJECT_VERSION = 1;
				DEVELOPMENT_TEAM = M9QM497LW6;
				ENABLE_USER_SCRIPT_SANDBOXING = NO;
				GENERATE_INFOPLIST_FILE = YES;
				INFOPLIST_FILE = PhoneAuth/Info.plist;
				INFOPLIST_KEY_UIApplicationSupportsIndirectInputEvents = YES;
				INFOPLIST_KEY_UILaunchStoryboardName = LaunchScreen;
				INFOPLIST_KEY_UISupportedInterfaceOrientations_iPad = "UIInterfaceOrientationPortrait UIInterfaceOrientationPortraitUpsideDown UIInterfaceOrientationLandscapeLeft UIInterfaceOrientationLandscapeRight";
				INFOPLIST_KEY_UISupportedInterfaceOrientations_iPhone = "UIInterfaceOrientationPortrait UIInterfaceOrientationLandscapeLeft UIInterfaceOrientationLandscapeRight";
				LD_RUNPATH_SEARCH_PATHS = (
					"$(inherited)",
					"@executable_path/Frameworks",
				);
				MARKETING_VERSION = 1.0;
				PRODUCT_BUNDLE_IDENTIFIER = GordeyGuselnikov.PhoneAuth;
				PRODUCT_NAME = "$(TARGET_NAME)";
				SUPPORTED_PLATFORMS = "iphoneos iphonesimulator";
				SUPPORTS_MACCATALYST = NO;
				SUPPORTS_MAC_DESIGNED_FOR_IPHONE_IPAD = NO;
				SUPPORTS_XR_DESIGNED_FOR_IPHONE_IPAD = NO;
				SWIFT_EMIT_LOC_STRINGS = YES;
				SWIFT_VERSION = 5.0;
				TARGETED_DEVICE_FAMILY = 1;
			};
			name = Debug;
		};
		8F9D84262C29CC120083F93C /* Release */ = {
			isa = XCBuildConfiguration;
			baseConfigurationReference = 124D7964C5BA3B3EDE001A9C /* Pods-PhoneAuth.release.xcconfig */;
			buildSettings = {
				ASSETCATALOG_COMPILER_APPICON_NAME = AppIcon;
				ASSETCATALOG_COMPILER_GLOBAL_ACCENT_COLOR_NAME = AccentColor;
				CODE_SIGN_STYLE = Automatic;
				CURRENT_PROJECT_VERSION = 1;
				DEVELOPMENT_TEAM = M9QM497LW6;
				ENABLE_USER_SCRIPT_SANDBOXING = NO;
				GENERATE_INFOPLIST_FILE = YES;
				INFOPLIST_FILE = PhoneAuth/Info.plist;
				INFOPLIST_KEY_UIApplicationSupportsIndirectInputEvents = YES;
				INFOPLIST_KEY_UILaunchStoryboardName = LaunchScreen;
				INFOPLIST_KEY_UISupportedInterfaceOrientations_iPad = "UIInterfaceOrientationPortrait UIInterfaceOrientationPortraitUpsideDown UIInterfaceOrientationLandscapeLeft UIInterfaceOrientationLandscapeRight";
				INFOPLIST_KEY_UISupportedInterfaceOrientations_iPhone = "UIInterfaceOrientationPortrait UIInterfaceOrientationLandscapeLeft UIInterfaceOrientationLandscapeRight";
				LD_RUNPATH_SEARCH_PATHS = (
					"$(inherited)",
					"@executable_path/Frameworks",
				);
				MARKETING_VERSION = 1.0;
				PRODUCT_BUNDLE_IDENTIFIER = GordeyGuselnikov.PhoneAuth;
				PRODUCT_NAME = "$(TARGET_NAME)";
				SUPPORTED_PLATFORMS = "iphoneos iphonesimulator";
				SUPPORTS_MACCATALYST = NO;
				SUPPORTS_MAC_DESIGNED_FOR_IPHONE_IPAD = NO;
				SUPPORTS_XR_DESIGNED_FOR_IPHONE_IPAD = NO;
				SWIFT_EMIT_LOC_STRINGS = YES;
				SWIFT_VERSION = 5.0;
				TARGETED_DEVICE_FAMILY = 1;
			};
			name = Release;
		};
/* End XCBuildConfiguration section */

/* Begin XCConfigurationList section */
		8F9D840B2C29CC100083F93C /* Build configuration list for PBXProject "PhoneAuth" */ = {
			isa = XCConfigurationList;
			buildConfigurations = (
				8F9D84222C29CC120083F93C /* Debug */,
				8F9D84232C29CC120083F93C /* Release */,
			);
			defaultConfigurationIsVisible = 0;
			defaultConfigurationName = Release;
		};
		8F9D84242C29CC120083F93C /* Build configuration list for PBXNativeTarget "PhoneAuth" */ = {
			isa = XCConfigurationList;
			buildConfigurations = (
				8F9D84252C29CC120083F93C /* Debug */,
				8F9D84262C29CC120083F93C /* Release */,
			);
			defaultConfigurationIsVisible = 0;
			defaultConfigurationName = Release;
		};
/* End XCConfigurationList section */
	};
	rootObject = 8F9D84082C29CC100083F93C /* Project object */;
}
